
Microsoft Visual Studio Solution File, Format Version 12.00
# Visual Studio Version 17
VisualStudioVersion = 17.1.32228.430
MinimumVisualStudioVersion = 10.0.40219.1
Project("{FAE04EC0-301F-11D3-BF4B-00C04F79EFBC}") = "Task46", "Task46.csproj", "{563A15EA-3541-46D8-8E56-7A774CE20F96}"
EndProject
Global
	GlobalSection(SolutionConfigurationPlatforms) = preSolution
		Debug|Any CPU = Debug|Any CPU
		Release|Any CPU = Release|Any CPU
	EndGlobalSection
	GlobalSection(ProjectConfigurationPlatforms) = postSolution
		{563A15EA-3541-46D8-8E56-7A774CE20F96}.Debug|Any CPU.ActiveCfg = Debug|Any CPU
		{563A15EA-3541-46D8-8E56-7A774CE20F96}.Debug|Any CPU.Build.0 = Debug|Any CPU
		{563A15EA-3541-46D8-8E56-7A774CE20F96}.Release|Any CPU.ActiveCfg = Release|Any CPU
		{563A15EA-3541-46D8-8E56-7A774CE20F96}.Release|Any CPU.Build.0 = Release|Any CPU
	EndGlobalSection
	GlobalSection(SolutionProperties) = preSolution
		HideSolutionNode = FALSE
	EndGlobalSection
	GlobalSection(ExtensibilityGlobals) = postSolution
		SolutionGuid = {7DB12AFB-22B6-41A4-867B-5D64C0EE9E53}
	EndGlobalSection
EndGlobal
