
Microsoft Visual Studio Solution File, Format Version 12.00
# Visual Studio Version 17
VisualStudioVersion = 17.1.32228.430
MinimumVisualStudioVersion = 10.0.40219.1
Project("{FAE04EC0-301F-11D3-BF4B-00C04F79EFBC}") = "Task45", "Task45.csproj", "{52862F3B-A4F4-4E83-86FB-F9C513E3D5E8}"
EndProject
Global
	GlobalSection(SolutionConfigurationPlatforms) = preSolution
		Debug|Any CPU = Debug|Any CPU
		Release|Any CPU = Release|Any CPU
	EndGlobalSection
	GlobalSection(ProjectConfigurationPlatforms) = postSolution
		{52862F3B-A4F4-4E83-86FB-F9C513E3D5E8}.Debug|Any CPU.ActiveCfg = Debug|Any CPU
		{52862F3B-A4F4-4E83-86FB-F9C513E3D5E8}.Debug|Any CPU.Build.0 = Debug|Any CPU
		{52862F3B-A4F4-4E83-86FB-F9C513E3D5E8}.Release|Any CPU.ActiveCfg = Release|Any CPU
		{52862F3B-A4F4-4E83-86FB-F9C513E3D5E8}.Release|Any CPU.Build.0 = Release|Any CPU
	EndGlobalSection
	GlobalSection(SolutionProperties) = preSolution
		HideSolutionNode = FALSE
	EndGlobalSection
	GlobalSection(ExtensibilityGlobals) = postSolution
		SolutionGuid = {876F59ED-598D-43FD-B7EA-C5070F848712}
	EndGlobalSection
EndGlobal
