
Microsoft Visual Studio Solution File, Format Version 12.00
# Visual Studio Version 17
VisualStudioVersion = 17.1.32228.430
MinimumVisualStudioVersion = 10.0.40219.1
Project("{FAE04EC0-301F-11D3-BF4B-00C04F79EFBC}") = "Task33", "Task33.csproj", "{BD3E7CE3-66B8-46FC-8F59-12F4523DE2CD}"
EndProject
Global
	GlobalSection(SolutionConfigurationPlatforms) = preSolution
		Debug|Any CPU = Debug|Any CPU
		Release|Any CPU = Release|Any CPU
	EndGlobalSection
	GlobalSection(ProjectConfigurationPlatforms) = postSolution
		{BD3E7CE3-66B8-46FC-8F59-12F4523DE2CD}.Debug|Any CPU.ActiveCfg = Debug|Any CPU
		{BD3E7CE3-66B8-46FC-8F59-12F4523DE2CD}.Debug|Any CPU.Build.0 = Debug|Any CPU
		{BD3E7CE3-66B8-46FC-8F59-12F4523DE2CD}.Release|Any CPU.ActiveCfg = Release|Any CPU
		{BD3E7CE3-66B8-46FC-8F59-12F4523DE2CD}.Release|Any CPU.Build.0 = Release|Any CPU
	EndGlobalSection
	GlobalSection(SolutionProperties) = preSolution
		HideSolutionNode = FALSE
	EndGlobalSection
	GlobalSection(ExtensibilityGlobals) = postSolution
		SolutionGuid = {514A0D8F-6930-4D7B-B6C3-CA9072805BF3}
	EndGlobalSection
EndGlobal
