
Microsoft Visual Studio Solution File, Format Version 12.00
# Visual Studio Version 17
VisualStudioVersion = 17.1.32228.430
MinimumVisualStudioVersion = 10.0.40219.1
Project("{FAE04EC0-301F-11D3-BF4B-00C04F79EFBC}") = "Task11", "Task11.csproj", "{EE05ED37-63B1-4756-8155-4A31878DFACE}"
EndProject
Global
	GlobalSection(SolutionConfigurationPlatforms) = preSolution
		Debug|Any CPU = Debug|Any CPU
		Release|Any CPU = Release|Any CPU
	EndGlobalSection
	GlobalSection(ProjectConfigurationPlatforms) = postSolution
		{EE05ED37-63B1-4756-8155-4A31878DFACE}.Debug|Any CPU.ActiveCfg = Debug|Any CPU
		{EE05ED37-63B1-4756-8155-4A31878DFACE}.Debug|Any CPU.Build.0 = Debug|Any CPU
		{EE05ED37-63B1-4756-8155-4A31878DFACE}.Release|Any CPU.ActiveCfg = Release|Any CPU
		{EE05ED37-63B1-4756-8155-4A31878DFACE}.Release|Any CPU.Build.0 = Release|Any CPU
	EndGlobalSection
	GlobalSection(SolutionProperties) = preSolution
		HideSolutionNode = FALSE
	EndGlobalSection
	GlobalSection(ExtensibilityGlobals) = postSolution
		SolutionGuid = {608D59C3-35DD-475D-88A7-C08845826838}
	EndGlobalSection
EndGlobal
